{
  "requires": true,
  "lockfileVersion": 1,
  "dependencies": {
    "layui": {
      "version": "2.9.16",
      "resolved": "https://registry.npmjs.org/layui/-/layui-2.9.16.tgz",
      "integrity": "sha512-taGTVjC/HQmSnbFSMpXMABw28q1c649DJgKOzLVDjbU2tenl0phMweKBs2gP1jGib6TgVAfbyryA/pX4aMPlzg=="
    }
  }
}
